
Microsoft Visual Studio Solution File, Format Version 12.00
# Visual Studio Version 16
VisualStudioVersion = 16.0.30128.36
MinimumVisualStudioVersion = 10.0.40219.1
Project("{FAE04EC0-301F-11D3-BF4B-00C04F79EFBC}") = "MyTravel", "MyTravel\MyTravel.csproj", "{C7CA88AF-2CC6-43D5-B01B-3CA4D0D283AE}"
EndProject
Project("{FAE04EC0-301F-11D3-BF4B-00C04F79EFBC}") = "MyTravel.Entity", "MyTravel.Entity\MyTravel.Entity.csproj", "{0D275F96-372E-40A4-860B-3A69AEBB8F3D}"
EndProject
Project("{FAE04EC0-301F-11D3-BF4B-00C04F79EFBC}") = "MyTravel.Repository", "MyTravel.Repository\MyTravel.Repository.csproj", "{38F667B1-CE1E-4E50-980E-D90E9DA1E8C4}"
EndProject
Global
	GlobalSection(SolutionConfigurationPlatforms) = preSolution
		Debug|Any CPU = Debug|Any CPU
		Release|Any CPU = Release|Any CPU
	EndGlobalSection
	GlobalSection(ProjectConfigurationPlatforms) = postSolution
		{C7CA88AF-2CC6-43D5-B01B-3CA4D0D283AE}.Debug|Any CPU.ActiveCfg = Debug|Any CPU
		{C7CA88AF-2CC6-43D5-B01B-3CA4D0D283AE}.Debug|Any CPU.Build.0 = Debug|Any CPU
		{C7CA88AF-2CC6-43D5-B01B-3CA4D0D283AE}.Release|Any CPU.ActiveCfg = Release|Any CPU
		{C7CA88AF-2CC6-43D5-B01B-3CA4D0D283AE}.Release|Any CPU.Build.0 = Release|Any CPU
		{0D275F96-372E-40A4-860B-3A69AEBB8F3D}.Debug|Any CPU.ActiveCfg = Debug|Any CPU
		{0D275F96-372E-40A4-860B-3A69AEBB8F3D}.Debug|Any CPU.Build.0 = Debug|Any CPU
		{0D275F96-372E-40A4-860B-3A69AEBB8F3D}.Release|Any CPU.ActiveCfg = Release|Any CPU
		{0D275F96-372E-40A4-860B-3A69AEBB8F3D}.Release|Any CPU.Build.0 = Release|Any CPU
		{38F667B1-CE1E-4E50-980E-D90E9DA1E8C4}.Debug|Any CPU.ActiveCfg = Debug|Any CPU
		{38F667B1-CE1E-4E50-980E-D90E9DA1E8C4}.Debug|Any CPU.Build.0 = Debug|Any CPU
		{38F667B1-CE1E-4E50-980E-D90E9DA1E8C4}.Release|Any CPU.ActiveCfg = Release|Any CPU
		{38F667B1-CE1E-4E50-980E-D90E9DA1E8C4}.Release|Any CPU.Build.0 = Release|Any CPU
	EndGlobalSection
	GlobalSection(SolutionProperties) = preSolution
		HideSolutionNode = FALSE
	EndGlobalSection
	GlobalSection(ExtensibilityGlobals) = postSolution
		SolutionGuid = {259869BC-F426-4DBA-B46C-00E778A32B5B}
	EndGlobalSection
EndGlobal
